// !$*UTF8*$!
{
	archiveVersion = 1;
	classes = {
	};
	objectVersion = 50;
	objects = {

/* Begin PBXBuildFile section */
		D90FB8522292F2950000C029 /* AppDelegate.swift in Sources */ = {isa = PBXBuildFile; fileRef = D90FB8512292F2950000C029 /* AppDelegate.swift */; };
		D90FB8542292F2950000C029 /* ViewController.swift in Sources */ = {isa = PBXBuildFile; fileRef = D90FB8532292F2950000C029 /* ViewController.swift */; };
		D90FB8572292F2950000C029 /* Main.storyboard in Resources */ = {isa = PBXBuildFile; fileRef = D90FB8552292F2950000C029 /* Main.storyboard */; };
		D90FB85A2292F2950000C029 /* Wallachof.xcdatamodeld in Sources */ = {isa = PBXBuildFile; fileRef = D90FB8582292F2950000C029 /* Wallachof.xcdatamodeld */; };
		D90FB85C2292F29F0000C029 /* Assets.xcassets in Resources */ = {isa = PBXBuildFile; fileRef = D90FB85B2292F29F0000C029 /* Assets.xcassets */; };
		D90FB85F2292F29F0000C029 /* LaunchScreen.storyboard in Resources */ = {isa = PBXBuildFile; fileRef = D90FB85D2292F29F0000C029 /* LaunchScreen.storyboard */; };
		D91D6A4E2293088300947268 /* Product+CoreDataClass.swift in Sources */ = {isa = PBXBuildFile; fileRef = D91D6A4A229307B300947268 /* Product+CoreDataClass.swift */; };
		D91D6A4F2293088A00947268 /* Product+CoreDataProperties.swift in Sources */ = {isa = PBXBuildFile; fileRef = D91D6A4B229307B300947268 /* Product+CoreDataProperties.swift */; };
		D9F8F79F229329BC007B8FAE /* CoreDataManager.swift in Sources */ = {isa = PBXBuildFile; fileRef = D9F8F79E229329BC007B8FAE /* CoreDataManager.swift */; };
/* End PBXBuildFile section */

/* Begin PBXFileReference section */
		D90FB84E2292F2950000C029 /* Wallachof.app */ = {isa = PBXFileReference; explicitFileType = wrapper.application; includeInIndex = 0; path = Wallachof.app; sourceTree = BUILT_PRODUCTS_DIR; };
		D90FB8512292F2950000C029 /* AppDelegate.swift */ = {isa = PBXFileReference; lastKnownFileType = sourcecode.swift; path = AppDelegate.swift; sourceTree = "<group>"; };
		D90FB8532292F2950000C029 /* ViewController.swift */ = {isa = PBXFileReference; lastKnownFileType = sourcecode.swift; path = ViewController.swift; sourceTree = "<group>"; };
		D90FB8562292F2950000C029 /* Base */ = {isa = PBXFileReference; lastKnownFileType = file.storyboard; name = Base; path = Base.lproj/Main.storyboard; sourceTree = "<group>"; };
		D90FB8592292F2950000C029 /* Wallachof.xcdatamodel */ = {isa = PBXFileReference; lastKnownFileType = wrapper.xcdatamodel; path = Wallachof.xcdatamodel; sourceTree = "<group>"; };
		D90FB85B2292F29F0000C029 /* Assets.xcassets */ = {isa = PBXFileReference; lastKnownFileType = folder.assetcatalog; path = Assets.xcassets; sourceTree = "<group>"; };
		D90FB85E2292F29F0000C029 /* Base */ = {isa = PBXFileReference; lastKnownFileType = file.storyboard; name = Base; path = Base.lproj/LaunchScreen.storyboard; sourceTree = "<group>"; };
		D90FB8602292F29F0000C029 /* Info.plist */ = {isa = PBXFileReference; lastKnownFileType = text.plist.xml; path = Info.plist; sourceTree = "<group>"; };
		D91D6A4A229307B300947268 /* Product+CoreDataClass.swift */ = {isa = PBXFileReference; fileEncoding = 4; lastKnownFileType = sourcecode.swift; path = "Product+CoreDataClass.swift"; sourceTree = "<group>"; };
		D91D6A4B229307B300947268 /* Product+CoreDataProperties.swift */ = {isa = PBXFileReference; fileEncoding = 4; lastKnownFileType = sourcecode.swift; path = "Product+CoreDataProperties.swift"; sourceTree = "<group>"; };
		D9F8F79E229329BC007B8FAE /* CoreDataManager.swift */ = {isa = PBXFileReference; lastKnownFileType = sourcecode.swift; path = CoreDataManager.swift; sourceTree = "<group>"; };
/* End PBXFileReference section */

/* Begin PBXFrameworksBuildPhase section */
		D90FB84B2292F2950000C029 /* Frameworks */ = {
			isa = PBXFrameworksBuildPhase;
			buildActionMask = 2147483647;
			files = (
			);
			runOnlyForDeploymentPostprocessing = 0;
		};
/* End PBXFrameworksBuildPhase section */

/* Begin PBXGroup section */
		D90FB8452292F2940000C029 = {
			isa = PBXGroup;
			children = (
				D90FB8502292F2950000C029 /* Wallachof */,
				D90FB84F2292F2950000C029 /* Products */,
			);
			sourceTree = "<group>";
		};
		D90FB84F2292F2950000C029 /* Products */ = {
			isa = PBXGroup;
			children = (
				D90FB84E2292F2950000C029 /* Wallachof.app */,
			);
			name = Products;
			sourceTree = "<group>";
		};
		D90FB8502292F2950000C029 /* Wallachof */ = {
			isa = PBXGroup;
			children = (
				D91D6A49229307B300947268 /* CoreData */,
				D90FB8512292F2950000C029 /* AppDelegate.swift */,
				D90FB8532292F2950000C029 /* ViewController.swift */,
				D90FB8552292F2950000C029 /* Main.storyboard */,
				D90FB85B2292F29F0000C029 /* Assets.xcassets */,
				D90FB85D2292F29F0000C029 /* LaunchScreen.storyboard */,
				D90FB8602292F29F0000C029 /* Info.plist */,
				D90FB8582292F2950000C029 /* Wallachof.xcdatamodeld */,
			);
			path = Wallachof;
			sourceTree = "<group>";
		};
		D91D6A49229307B300947268 /* CoreData */ = {
			isa = PBXGroup;
			children = (
				D91D6A4A229307B300947268 /* Product+CoreDataClass.swift */,
				D91D6A4B229307B300947268 /* Product+CoreDataProperties.swift */,
				D9F8F79E229329BC007B8FAE /* CoreDataManager.swift */,
			);
			path = CoreData;
			sourceTree = "<group>";
		};
/* End PBXGroup section */

/* Begin PBXNativeTarget section */
		D90FB84D2292F2950000C029 /* Wallachof */ = {
			isa = PBXNativeTarget;
			buildConfigurationList = D90FB8632292F29F0000C029 /* Build configuration list for PBXNativeTarget "Wallachof" */;
			buildPhases = (
				D90FB84A2292F2950000C029 /* Sources */,
				D90FB84B2292F2950000C029 /* Frameworks */,
				D90FB84C2292F2950000C029 /* Resources */,
			);
			buildRules = (
			);
			dependencies = (
			);
			name = Wallachof;
			productName = Wallachof;
			productReference = D90FB84E2292F2950000C029 /* Wallachof.app */;
			productType = "com.apple.product-type.application";
		};
/* End PBXNativeTarget section */

/* Begin PBXProject section */
		D90FB8462292F2940000C029 /* Project object */ = {
			isa = PBXProject;
			attributes = {
				LastSwiftUpdateCheck = 1020;
				LastUpgradeCheck = 1020;
				ORGANIZATIONNAME = Dev2;
				TargetAttributes = {
					D90FB84D2292F2950000C029 = {
						CreatedOnToolsVersion = 10.2.1;
					};
				};
			};
			buildConfigurationList = D90FB8492292F2940000C029 /* Build configuration list for PBXProject "Wallachof" */;
			compatibilityVersion = "Xcode 9.3";
			developmentRegion = en;
			hasScannedForEncodings = 0;
			knownRegions = (
				en,
				Base,
			);
			mainGroup = D90FB8452292F2940000C029;
			productRefGroup = D90FB84F2292F2950000C029 /* Products */;
			projectDirPath = "";
			projectRoot = "";
			targets = (
				D90FB84D2292F2950000C029 /* Wallachof */,
			);
		};
/* End PBXProject section */

/* Begin PBXResourcesBuildPhase section */
		D90FB84C2292F2950000C029 /* Resources */ = {
			isa = PBXResourcesBuildPhase;
			buildActionMask = 2147483647;
			files = (
				D90FB85F2292F29F0000C029 /* LaunchScreen.storyboard in Resources */,
				D90FB85C2292F29F0000C029 /* Assets.xcassets in Resources */,
				D90FB8572292F2950000C029 /* Main.storyboard in Resources */,
			);
			runOnlyForDeploymentPostprocessing = 0;
		};
/* End PBXResourcesBuildPhase section */

/* Begin PBXSourcesBuildPhase section */
		D90FB84A2292F2950000C029 /* Sources */ = {
			isa = PBXSourcesBuildPhase;
			buildActionMask = 2147483647;
			files = (
				D9F8F79F229329BC007B8FAE /* CoreDataManager.swift in Sources */,
				D91D6A4F2293088A00947268 /* Product+CoreDataProperties.swift in Sources */,
				D90FB8542292F2950000C029 /* ViewController.swift in Sources */,
				D90FB8522292F2950000C029 /* AppDelegate.swift in Sources */,
				D90FB85A2292F2950000C029 /* Wallachof.xcdatamodeld in Sources */,
				D91D6A4E2293088300947268 /* Product+CoreDataClass.swift in Sources */,
			);
			runOnlyForDeploymentPostprocessing = 0;
		};
/* End PBXSourcesBuildPhase section */

/* Begin PBXVariantGroup section */
		D90FB8552292F2950000C029 /* Main.storyboard */ = {
			isa = PBXVariantGroup;
			children = (
				D90FB8562292F2950000C029 /* Base */,
			);
			name = Main.storyboard;
			sourceTree = "<group>";
		};
		D90FB85D2292F29F0000C029 /* LaunchScreen.storyboard */ = {
			isa = PBXVariantGroup;
			children = (
				D90FB85E2292F29F0000C029 /* Base */,
			);
			name = LaunchScreen.storyboard;
			sourceTree = "<group>";
		};
/* End PBXVariantGroup section */

/* Begin XCBuildConfiguration section */
		D90FB8612292F29F0000C029 /* Debug */ = {
			isa = XCBuildConfiguration;
			buildSettings = {
				ALWAYS_SEARCH_USER_PATHS = NO;
				CLANG_ANALYZER_NONNULL = YES;
				CLANG_ANALYZER_NUMBER_OBJECT_CONVERSION = YES_AGGRESSIVE;
				CLANG_CXX_LANGUAGE_STANDARD = "gnu++14";
				CLANG_CXX_LIBRARY = "libc++";
				CLANG_ENABLE_MODULES = YES;
				CLANG_ENABLE_OBJC_ARC = YES;
				CLANG_ENABLE_OBJC_WEAK = YES;
				CLANG_WARN_BLOCK_CAPTURE_AUTORELEASING = YES;
				CLANG_WARN_BOOL_CONVERSION = YES;
				CLANG_WARN_COMMA = YES;
				CLANG_WARN_CONSTANT_CONVERSION = YES;
				CLANG_WARN_DEPRECATED_OBJC_IMPLEMENTATIONS = YES;
				CLANG_WARN_DIRECT_OBJC_ISA_USAGE = YES_ERROR;
				CLANG_WARN_DOCUMENTATION_COMMENTS = YES;
				CLANG_WARN_EMPTY_BODY = YES;
				CLANG_WARN_ENUM_CONVERSION = YES;
				CLANG_WARN_INFINITE_RECURSION = YES;
				CLANG_WARN_INT_CONVERSION = YES;
				CLANG_WARN_NON_LITERAL_NULL_CONVERSION = YES;
				CLANG_WARN_OBJC_IMPLICIT_RETAIN_SELF = YES;
				CLANG_WARN_OBJC_LITERAL_CONVERSION = YES;
				CLANG_WARN_OBJC_ROOT_CLASS = YES_ERROR;
				CLANG_WARN_RANGE_LOOP_ANALYSIS = YES;
				CLANG_WARN_STRICT_PROTOTYPES = YES;
				CLANG_WARN_SUSPICIOUS_MOVE = YES;
				CLANG_WARN_UNGUARDED_AVAILABILITY = YES_AGGRESSIVE;
				CLANG_WARN_UNREACHABLE_CODE = YES;
				CLANG_WARN__DUPLICATE_METHOD_MATCH = YES;
				CODE_SIGN_IDENTITY = "iPhone Developer";
				COPY_PHASE_STRIP = NO;
				DEBUG_INFORMATION_FORMAT = dwarf;
				ENABLE_STRICT_OBJC_MSGSEND = YES;
				ENABLE_TESTABILITY = YES;
				GCC_C_LANGUAGE_STANDARD = gnu11;
				GCC_DYNAMIC_NO_PIC = NO;
				GCC_NO_COMMON_BLOCKS = YES;
				GCC_OPTIMIZATION_LEVEL = 0;
				GCC_PREPROCESSOR_DEFINITIONS = (
					"DEBUG=1",
					"$(inherited)",
				);
				GCC_WARN_64_TO_32_BIT_CONVERSION = YES;
				GCC_WARN_ABOUT_RETURN_TYPE = YES_ERROR;
				GCC_WARN_UNDECLARED_SELECTOR = YES;
				GCC_WARN_UNINITIALIZED_AUTOS = YES_AGGRESSIVE;
				GCC_WARN_UNUSED_FUNCTION = YES;
				GCC_WARN_UNUSED_VARIABLE = YES;
				IPHONEOS_DEPLOYMENT_TARGET = 12.2;
				MTL_ENABLE_DEBUG_INFO = INCLUDE_SOURCE;
				MTL_FAST_MATH = YES;
				ONLY_ACTIVE_ARCH = YES;
				SDKROOT = iphoneos;
				SWIFT_ACTIVE_COMPILATION_CONDITIONS = DEBUG;
				SWIFT_OPTIMIZATION_LEVEL = "-Onone";
			};
			name = Debug;
		};
		D90FB8622292F29F0000C029 /* Release */ = {
			isa = XCBuildConfiguration;
			buildSettings = {
				ALWAYS_SEARCH_USER_PATHS = NO;
				CLANG_ANALYZER_NONNULL = YES;
				CLANG_ANALYZER_NUMBER_OBJECT_CONVERSION = YES_AGGRESSIVE;
				CLANG_CXX_LANGUAGE_STANDARD = "gnu++14";
				CLANG_CXX_LIBRARY = "libc++";
				CLANG_ENABLE_MODULES = YES;
				CLANG_ENABLE_OBJC_ARC = YES;
				CLANG_ENABLE_OBJC_WEAK = YES;
				CLANG_WARN_BLOCK_CAPTURE_AUTORELEASING = YES;
				CLANG_WARN_BOOL_CONVERSION = YES;
				CLANG_WARN_COMMA = YES;
				CLANG_WARN_CONSTANT_CONVERSION = YES;
				CLANG_WARN_DEPRECATED_OBJC_IMPLEMENTATIONS = YES;
				CLANG_WARN_DIRECT_OBJC_ISA_USAGE = YES_ERROR;
				CLANG_WARN_DOCUMENTATION_COMMENTS = YES;
				CLANG_WARN_EMPTY_BODY = YES;
				CLANG_WARN_ENUM_CONVERSION = YES;
				CLANG_WARN_INFINITE_RECURSION = YES;
				CLANG_WARN_INT_CONVERSION = YES;
				CLANG_WARN_NON_LITERAL_NULL_CONVERSION = YES;
				CLANG_WARN_OBJC_IMPLICIT_RETAIN_SELF = YES;
				CLANG_WARN_OBJC_LITERAL_CONVERSION = YES;
				CLANG_WARN_OBJC_ROOT_CLASS = YES_ERROR;
				CLANG_WARN_RANGE_LOOP_ANALYSIS = YES;
				CLANG_WARN_STRICT_PROTOTYPES = YES;
				CLANG_WARN_SUSPICIOUS_MOVE = YES;
				CLANG_WARN_UNGUARDED_AVAILABILITY = YES_AGGRESSIVE;
				CLANG_WARN_UNREACHABLE_CODE = YES;
				CLANG_WARN__DUPLICATE_METHOD_MATCH = YES;
				CODE_SIGN_IDENTITY = "iPhone Developer";
				COPY_PHASE_STRIP = NO;
				DEBUG_INFORMATION_FORMAT = "dwarf-with-dsym";
				ENABLE_NS_ASSERTIONS = NO;
				ENABLE_STRICT_OBJC_MSGSEND = YES;
				GCC_C_LANGUAGE_STANDARD = gnu11;
				GCC_NO_COMMON_BLOCKS = YES;
				GCC_WARN_64_TO_32_BIT_CONVERSION = YES;
				GCC_WARN_ABOUT_RETURN_TYPE = YES_ERROR;
				GCC_WARN_UNDECLARED_SELECTOR = YES;
				GCC_WARN_UNINITIALIZED_AUTOS = YES_AGGRESSIVE;
				GCC_WARN_UNUSED_FUNCTION = YES;
				GCC_WARN_UNUSED_VARIABLE = YES;
				IPHONEOS_DEPLOYMENT_TARGET = 12.2;
				MTL_ENABLE_DEBUG_INFO = NO;
				MTL_FAST_MATH = YES;
				SDKROOT = iphoneos;
				SWIFT_COMPILATION_MODE = wholemodule;
				SWIFT_OPTIMIZATION_LEVEL = "-O";
				VALIDATE_PRODUCT = YES;
			};
			name = Release;
		};
		D90FB8642292F29F0000C029 /* Debug */ = {
			isa = XCBuildConfiguration;
			buildSettings = {
				ASSETCATALOG_COMPILER_APPICON_NAME = AppIcon;
				CODE_SIGN_STYLE = Automatic;
				DEVELOPMENT_TEAM = G9698E6Q39;
				INFOPLIST_FILE = Wallachof/Info.plist;
				IPHONEOS_DEPLOYMENT_TARGET = 12.0;
				LD_RUNPATH_SEARCH_PATHS = (
					"$(inherited)",
					"@executable_path/Frameworks",
				);
				PRODUCT_BUNDLE_IDENTIFIER = CFTIC.Wallachof;
				PRODUCT_NAME = "$(TARGET_NAME)";
				SWIFT_VERSION = 5.0;
				TARGETED_DEVICE_FAMILY = "1,2";
			};
			name = Debug;
		};
		D90FB8652292F29F0000C029 /* Release */ = {
			isa = XCBuildConfiguration;
			buildSettings = {
				ASSETCATALOG_COMPILER_APPICON_NAME = AppIcon;
				CODE_SIGN_STYLE = Automatic;
				DEVELOPMENT_TEAM = G9698E6Q39;
				INFOPLIST_FILE = Wallachof/Info.plist;
				IPHONEOS_DEPLOYMENT_TARGET = 12.0;
				LD_RUNPATH_SEARCH_PATHS = (
					"$(inherited)",
					"@executable_path/Frameworks",
				);
				PRODUCT_BUNDLE_IDENTIFIER = CFTIC.Wallachof;
				PRODUCT_NAME = "$(TARGET_NAME)";
				SWIFT_VERSION = 5.0;
				TARGETED_DEVICE_FAMILY = "1,2";
			};
			name = Release;
		};
/* End XCBuildConfiguration section */

/* Begin XCConfigurationList section */
		D90FB8492292F2940000C029 /* Build configuration list for PBXProject "Wallachof" */ = {
			isa = XCConfigurationList;
			buildConfigurations = (
				D90FB8612292F29F0000C029 /* Debug */,
				D90FB8622292F29F0000C029 /* Release */,
			);
			defaultConfigurationIsVisible = 0;
			defaultConfigurationName = Release;
		};
		D90FB8632292F29F0000C029 /* Build configuration list for PBXNativeTarget "Wallachof" */ = {
			isa = XCConfigurationList;
			buildConfigurations = (
				D90FB8642292F29F0000C029 /* Debug */,
				D90FB8652292F29F0000C029 /* Release */,
			);
			defaultConfigurationIsVisible = 0;
			defaultConfigurationName = Release;
		};
/* End XCConfigurationList section */

/* Begin XCVersionGroup section */
		D90FB8582292F2950000C029 /* Wallachof.xcdatamodeld */ = {
			isa = XCVersionGroup;
			children = (
				D90FB8592292F2950000C029 /* Wallachof.xcdatamodel */,
			);
			currentVersion = D90FB8592292F2950000C029 /* Wallachof.xcdatamodel */;
			path = Wallachof.xcdatamodeld;
			sourceTree = "<group>";
			versionGroupType = wrapper.xcdatamodel;
		};
/* End XCVersionGroup section */
	};
	rootObject = D90FB8462292F2940000C029 /* Project object */;
}
